{
  "name": "sods",
  "version": "0.19.1",
  "lockfileVersion": 2,
  "requires": true,
  "packages": {
    "": {
      "name": "sods",
      "version": "0.19.0",
      "license": "ISC",
      "dependencies": {
        "mime": "^2.5.2"
      },
      "devDependencies": {
        "@types/mime": "^2.0.3",
        "@types/node": "^15.0.1"
      }
    },
    "node_modules/@types/mime": {
      "version": "2.0.3",
      "resolved": "https://registry.npmjs.org/@types/mime/-/mime-2.0.3.tgz",
      "integrity": "sha512-Jus9s4CDbqwocc5pOAnh8ShfrnMcPHuJYzVcSUU7lrh8Ni5HuIqX3oilL86p3dlTrk0LzHRCgA/GQ7uNCw6l2Q==",
      "dev": true
    },
    "node_modules/@types/node": {
      "version": "15.0.1",
      "resolved": "https://registry.npmjs.org/@types/node/-/node-15.0.1.tgz",
      "integrity": "sha512-TMkXt0Ck1y0KKsGr9gJtWGjttxlZnnvDtphxUOSd0bfaR6Q1jle+sPvrzNR1urqYTWMinoKvjKfXUGsumaO1PA==",
      "dev": true
    },
    "node_modules/mime": {
      "version": "2.5.2",
      "resolved": "https://registry.npmjs.org/mime/-/mime-2.5.2.tgz",
      "integrity": "sha512-tqkh47FzKeCPD2PUiPB6pkbMzsCasjxAfC62/Wap5qrUWcb+sFasXUC5I3gYM5iBM8v/Qpn4UK0x+j0iHyFPDg==",
      "bin": {
        "mime": "cli.js"
      },
      "engines": {
        "node": ">=4.0.0"
      }
    }
  },
  "dependencies": {
    "@types/mime": {
      "version": "2.0.3",
      "resolved": "https://registry.npmjs.org/@types/mime/-/mime-2.0.3.tgz",
      "integrity": "sha512-Jus9s4CDbqwocc5pOAnh8ShfrnMcPHuJYzVcSUU7lrh8Ni5HuIqX3oilL86p3dlTrk0LzHRCgA/GQ7uNCw6l2Q==",
      "dev": true
    },
    "@types/node": {
      "version": "15.0.1",
      "resolved": "https://registry.npmjs.org/@types/node/-/node-15.0.1.tgz",
      "integrity": "sha512-TMkXt0Ck1y0KKsGr9gJtWGjttxlZnnvDtphxUOSd0bfaR6Q1jle+sPvrzNR1urqYTWMinoKvjKfXUGsumaO1PA==",
      "dev": true
    },
    "mime": {
      "version": "2.5.2",
      "resolved": "https://registry.npmjs.org/mime/-/mime-2.5.2.tgz",
      "integrity": "sha512-tqkh47FzKeCPD2PUiPB6pkbMzsCasjxAfC62/Wap5qrUWcb+sFasXUC5I3gYM5iBM8v/Qpn4UK0x+j0iHyFPDg=="
    }
  }
}
